
Microsoft Visual Studio Solution File, Format Version 12.00
# Visual Studio 15
VisualStudioVersion = 15.0.28010.2003
MinimumVisualStudioVersion = 10.0.40219.1
Project("{FAE04EC0-301F-11D3-BF4B-00C04F79EFBC}") = "hesapmakine", "hesapmakine\hesapmakine.csproj", "{B21F61DF-2F72-47C1-B82B-69C9F782DFDE}"
EndProject
Global
	GlobalSection(SolutionConfigurationPlatforms) = preSolution
		Debug|Any CPU = Debug|Any CPU
		Release|Any CPU = Release|Any CPU
	EndGlobalSection
	GlobalSection(ProjectConfigurationPlatforms) = postSolution
		{B21F61DF-2F72-47C1-B82B-69C9F782DFDE}.Debug|Any CPU.ActiveCfg = Debug|Any CPU
		{B21F61DF-2F72-47C1-B82B-69C9F782DFDE}.Debug|Any CPU.Build.0 = Debug|Any CPU
		{B21F61DF-2F72-47C1-B82B-69C9F782DFDE}.Release|Any CPU.ActiveCfg = Release|Any CPU
		{B21F61DF-2F72-47C1-B82B-69C9F782DFDE}.Release|Any CPU.Build.0 = Release|Any CPU
	EndGlobalSection
	GlobalSection(SolutionProperties) = preSolution
		HideSolutionNode = FALSE
	EndGlobalSection
	GlobalSection(ExtensibilityGlobals) = postSolution
		SolutionGuid = {C302037F-A17F-4E02-B236-DDD7492875CD}
	EndGlobalSection
EndGlobal
